
Microsoft Visual Studio Solution File, Format Version 12.00
# Visual Studio 15
VisualStudioVersion = 15.0.28307.572
MinimumVisualStudioVersion = 10.0.40219.1
Project("{FAE04EC0-301F-11D3-BF4B-00C04F79EFBC}") = "AssetManagement.Domain", "AssetManagement.Domain\AssetManagement.Domain.csproj", "{41DE8E36-7EC9-4C92-90C5-2408F36EA8D0}"
EndProject
Project("{FAE04EC0-301F-11D3-BF4B-00C04F79EFBC}") = "AssetManagement.Repository", "AssetManagement.Repositroy\AssetManagement.Repository.csproj", "{5A2021AD-3584-420E-BF39-BFE7F658D5DB}"
EndProject
Project("{FAE04EC0-301F-11D3-BF4B-00C04F79EFBC}") = "AssetManagement.Object", "AssetManagement.Object\AssetManagement.Object.csproj", "{69CC55C2-5619-46B5-9A03-37081E01A657}"
EndProject
Project("{FAE04EC0-301F-11D3-BF4B-00C04F79EFBC}") = "AssetManagement.Api", "AssetManagement.Api\AssetManagement.Api.csproj", "{D0E1715A-5C3B-4821-9DC1-94B9BCB84D33}"
EndProject
Global
	GlobalSection(SolutionConfigurationPlatforms) = preSolution
		Debug|Any CPU = Debug|Any CPU
		Release|Any CPU = Release|Any CPU
	EndGlobalSection
	GlobalSection(ProjectConfigurationPlatforms) = postSolution
		{41DE8E36-7EC9-4C92-90C5-2408F36EA8D0}.Debug|Any CPU.ActiveCfg = Debug|Any CPU
		{41DE8E36-7EC9-4C92-90C5-2408F36EA8D0}.Debug|Any CPU.Build.0 = Debug|Any CPU
		{41DE8E36-7EC9-4C92-90C5-2408F36EA8D0}.Release|Any CPU.ActiveCfg = Release|Any CPU
		{41DE8E36-7EC9-4C92-90C5-2408F36EA8D0}.Release|Any CPU.Build.0 = Release|Any CPU
		{5A2021AD-3584-420E-BF39-BFE7F658D5DB}.Debug|Any CPU.ActiveCfg = Debug|Any CPU
		{5A2021AD-3584-420E-BF39-BFE7F658D5DB}.Debug|Any CPU.Build.0 = Debug|Any CPU
		{5A2021AD-3584-420E-BF39-BFE7F658D5DB}.Release|Any CPU.ActiveCfg = Release|Any CPU
		{5A2021AD-3584-420E-BF39-BFE7F658D5DB}.Release|Any CPU.Build.0 = Release|Any CPU
		{69CC55C2-5619-46B5-9A03-37081E01A657}.Debug|Any CPU.ActiveCfg = Debug|Any CPU
		{69CC55C2-5619-46B5-9A03-37081E01A657}.Debug|Any CPU.Build.0 = Debug|Any CPU
		{69CC55C2-5619-46B5-9A03-37081E01A657}.Release|Any CPU.ActiveCfg = Release|Any CPU
		{69CC55C2-5619-46B5-9A03-37081E01A657}.Release|Any CPU.Build.0 = Release|Any CPU
		{D0E1715A-5C3B-4821-9DC1-94B9BCB84D33}.Debug|Any CPU.ActiveCfg = Debug|Any CPU
		{D0E1715A-5C3B-4821-9DC1-94B9BCB84D33}.Debug|Any CPU.Build.0 = Debug|Any CPU
		{D0E1715A-5C3B-4821-9DC1-94B9BCB84D33}.Release|Any CPU.ActiveCfg = Release|Any CPU
		{D0E1715A-5C3B-4821-9DC1-94B9BCB84D33}.Release|Any CPU.Build.0 = Release|Any CPU
	EndGlobalSection
	GlobalSection(SolutionProperties) = preSolution
		HideSolutionNode = FALSE
	EndGlobalSection
	GlobalSection(ExtensibilityGlobals) = postSolution
		SolutionGuid = {AFC2A867-0866-42AA-80DD-6E629270BC9A}
	EndGlobalSection
EndGlobal
